// !$*UTF8*$!
{
	archiveVersion = 1;
	classes = {
	};
	objectVersion = 50;
	objects = {

/* Begin PBXBuildFile section */
		98265C1B21693FAA0093526E /* AppDelegate.swift in Sources */ = {isa = PBXBuildFile; fileRef = 98265C1A21693FAA0093526E /* AppDelegate.swift */; };
		98265C1D21693FAA0093526E /* ViewController.swift in Sources */ = {isa = PBXBuildFile; fileRef = 98265C1C21693FAA0093526E /* ViewController.swift */; };
		98265C2021693FAA0093526E /* Main.storyboard in Resources */ = {isa = PBXBuildFile; fileRef = 98265C1E21693FAA0093526E /* Main.storyboard */; };
		98265C2221693FCC0093526E /* Assets.xcassets in Resources */ = {isa = PBXBuildFile; fileRef = 98265C2121693FCC0093526E /* Assets.xcassets */; };
		98265C2521693FCC0093526E /* LaunchScreen.storyboard in Resources */ = {isa = PBXBuildFile; fileRef = 98265C2321693FCC0093526E /* LaunchScreen.storyboard */; };
		98265C3021693FCD0093526E /* BlackjackCounterTests.swift in Sources */ = {isa = PBXBuildFile; fileRef = 98265C2F21693FCD0093526E /* BlackjackCounterTests.swift */; };
		98265C3B21693FCD0093526E /* BlackjackCounterUITests.swift in Sources */ = {isa = PBXBuildFile; fileRef = 98265C3A21693FCD0093526E /* BlackjackCounterUITests.swift */; };
		98265C4A2169468A0093526E /* infoCell.swift in Sources */ = {isa = PBXBuildFile; fileRef = 98265C492169468A0093526E /* infoCell.swift */; };
		98265C4C216C9E310093526E /* HomeViewController.swift in Sources */ = {isa = PBXBuildFile; fileRef = 98265C4B216C9E310093526E /* HomeViewController.swift */; };
/* End PBXBuildFile section */

/* Begin PBXContainerItemProxy section */
		98265C2C21693FCD0093526E /* PBXContainerItemProxy */ = {
			isa = PBXContainerItemProxy;
			containerPortal = 98265C0F21693FA90093526E /* Project object */;
			proxyType = 1;
			remoteGlobalIDString = 98265C1621693FAA0093526E;
			remoteInfo = BlackjackCounter;
		};
		98265C3721693FCD0093526E /* PBXContainerItemProxy */ = {
			isa = PBXContainerItemProxy;
			containerPortal = 98265C0F21693FA90093526E /* Project object */;
			proxyType = 1;
			remoteGlobalIDString = 98265C1621693FAA0093526E;
			remoteInfo = BlackjackCounter;
		};
/* End PBXContainerItemProxy section */

/* Begin PBXFileReference section */
		98265C1721693FAA0093526E /* BlackjackCounter.app */ = {isa = PBXFileReference; explicitFileType = wrapper.application; includeInIndex = 0; path = BlackjackCounter.app; sourceTree = BUILT_PRODUCTS_DIR; };
		98265C1A21693FAA0093526E /* AppDelegate.swift */ = {isa = PBXFileReference; lastKnownFileType = sourcecode.swift; path = AppDelegate.swift; sourceTree = "<group>"; };
		98265C1C21693FAA0093526E /* ViewController.swift */ = {isa = PBXFileReference; lastKnownFileType = sourcecode.swift; path = ViewController.swift; sourceTree = "<group>"; };
		98265C1F21693FAA0093526E /* Base */ = {isa = PBXFileReference; lastKnownFileType = file.storyboard; name = Base; path = Base.lproj/Main.storyboard; sourceTree = "<group>"; };
		98265C2121693FCC0093526E /* Assets.xcassets */ = {isa = PBXFileReference; lastKnownFileType = folder.assetcatalog; path = Assets.xcassets; sourceTree = "<group>"; };
		98265C2421693FCC0093526E /* Base */ = {isa = PBXFileReference; lastKnownFileType = file.storyboard; name = Base; path = Base.lproj/LaunchScreen.storyboard; sourceTree = "<group>"; };
		98265C2621693FCD0093526E /* Info.plist */ = {isa = PBXFileReference; lastKnownFileType = text.plist.xml; path = Info.plist; sourceTree = "<group>"; };
		98265C2B21693FCD0093526E /* BlackjackCounterTests.xctest */ = {isa = PBXFileReference; explicitFileType = wrapper.cfbundle; includeInIndex = 0; path = BlackjackCounterTests.xctest; sourceTree = BUILT_PRODUCTS_DIR; };
		98265C2F21693FCD0093526E /* BlackjackCounterTests.swift */ = {isa = PBXFileReference; lastKnownFileType = sourcecode.swift; path = BlackjackCounterTests.swift; sourceTree = "<group>"; };
		98265C3121693FCD0093526E /* Info.plist */ = {isa = PBXFileReference; lastKnownFileType = text.plist.xml; path = Info.plist; sourceTree = "<group>"; };
		98265C3621693FCD0093526E /* BlackjackCounterUITests.xctest */ = {isa = PBXFileReference; explicitFileType = wrapper.cfbundle; includeInIndex = 0; path = BlackjackCounterUITests.xctest; sourceTree = BUILT_PRODUCTS_DIR; };
		98265C3A21693FCD0093526E /* BlackjackCounterUITests.swift */ = {isa = PBXFileReference; lastKnownFileType = sourcecode.swift; path = BlackjackCounterUITests.swift; sourceTree = "<group>"; };
		98265C3C21693FCD0093526E /* Info.plist */ = {isa = PBXFileReference; lastKnownFileType = text.plist.xml; path = Info.plist; sourceTree = "<group>"; };
		98265C492169468A0093526E /* infoCell.swift */ = {isa = PBXFileReference; lastKnownFileType = sourcecode.swift; path = infoCell.swift; sourceTree = "<group>"; };
		98265C4B216C9E310093526E /* HomeViewController.swift */ = {isa = PBXFileReference; lastKnownFileType = sourcecode.swift; path = HomeViewController.swift; sourceTree = "<group>"; };
/* End PBXFileReference section */

/* Begin PBXFrameworksBuildPhase section */
		98265C1421693FAA0093526E /* Frameworks */ = {
			isa = PBXFrameworksBuildPhase;
			buildActionMask = 2147483647;
			files = (
			);
			runOnlyForDeploymentPostprocessing = 0;
		};
		98265C2821693FCD0093526E /* Frameworks */ = {
			isa = PBXFrameworksBuildPhase;
			buildActionMask = 2147483647;
			files = (
			);
			runOnlyForDeploymentPostprocessing = 0;
		};
		98265C3321693FCD0093526E /* Frameworks */ = {
			isa = PBXFrameworksBuildPhase;
			buildActionMask = 2147483647;
			files = (
			);
			runOnlyForDeploymentPostprocessing = 0;
		};
/* End PBXFrameworksBuildPhase section */

/* Begin PBXGroup section */
		98265C0E21693FA90093526E = {
			isa = PBXGroup;
			children = (
				98265C1921693FAA0093526E /* BlackjackCounter */,
				98265C2E21693FCD0093526E /* BlackjackCounterTests */,
				98265C3921693FCD0093526E /* BlackjackCounterUITests */,
				98265C1821693FAA0093526E /* Products */,
			);
			sourceTree = "<group>";
		};
		98265C1821693FAA0093526E /* Products */ = {
			isa = PBXGroup;
			children = (
				98265C1721693FAA0093526E /* BlackjackCounter.app */,
				98265C2B21693FCD0093526E /* BlackjackCounterTests.xctest */,
				98265C3621693FCD0093526E /* BlackjackCounterUITests.xctest */,
			);
			name = Products;
			sourceTree = "<group>";
		};
		98265C1921693FAA0093526E /* BlackjackCounter */ = {
			isa = PBXGroup;
			children = (
				98265C482169451B0093526E /* CounterCells */,
				98265C1A21693FAA0093526E /* AppDelegate.swift */,
				98265C1C21693FAA0093526E /* ViewController.swift */,
				98265C4B216C9E310093526E /* HomeViewController.swift */,
				98265C1E21693FAA0093526E /* Main.storyboard */,
				98265C2121693FCC0093526E /* Assets.xcassets */,
				98265C2321693FCC0093526E /* LaunchScreen.storyboard */,
				98265C2621693FCD0093526E /* Info.plist */,
			);
			path = BlackjackCounter;
			sourceTree = "<group>";
		};
		98265C2E21693FCD0093526E /* BlackjackCounterTests */ = {
			isa = PBXGroup;
			children = (
				98265C2F21693FCD0093526E /* BlackjackCounterTests.swift */,
				98265C3121693FCD0093526E /* Info.plist */,
			);
			path = BlackjackCounterTests;
			sourceTree = "<group>";
		};
		98265C3921693FCD0093526E /* BlackjackCounterUITests */ = {
			isa = PBXGroup;
			children = (
				98265C3A21693FCD0093526E /* BlackjackCounterUITests.swift */,
				98265C3C21693FCD0093526E /* Info.plist */,
			);
			path = BlackjackCounterUITests;
			sourceTree = "<group>";
		};
		98265C482169451B0093526E /* CounterCells */ = {
			isa = PBXGroup;
			children = (
				98265C492169468A0093526E /* infoCell.swift */,
			);
			path = CounterCells;
			sourceTree = "<group>";
		};
/* End PBXGroup section */

/* Begin PBXNativeTarget section */
		98265C1621693FAA0093526E /* BlackjackCounter */ = {
			isa = PBXNativeTarget;
			buildConfigurationList = 98265C3F21693FCD0093526E /* Build configuration list for PBXNativeTarget "BlackjackCounter" */;
			buildPhases = (
				98265C1321693FAA0093526E /* Sources */,
				98265C1421693FAA0093526E /* Frameworks */,
				98265C1521693FAA0093526E /* Resources */,
			);
			buildRules = (
			);
			dependencies = (
			);
			name = BlackjackCounter;
			productName = BlackjackCounter;
			productReference = 98265C1721693FAA0093526E /* BlackjackCounter.app */;
			productType = "com.apple.product-type.application";
		};
		98265C2A21693FCD0093526E /* BlackjackCounterTests */ = {
			isa = PBXNativeTarget;
			buildConfigurationList = 98265C4221693FCD0093526E /* Build configuration list for PBXNativeTarget "BlackjackCounterTests" */;
			buildPhases = (
				98265C2721693FCD0093526E /* Sources */,
				98265C2821693FCD0093526E /* Frameworks */,
				98265C2921693FCD0093526E /* Resources */,
			);
			buildRules = (
			);
			dependencies = (
				98265C2D21693FCD0093526E /* PBXTargetDependency */,
			);
			name = BlackjackCounterTests;
			productName = BlackjackCounterTests;
			productReference = 98265C2B21693FCD0093526E /* BlackjackCounterTests.xctest */;
			productType = "com.apple.product-type.bundle.unit-test";
		};
		98265C3521693FCD0093526E /* BlackjackCounterUITests */ = {
			isa = PBXNativeTarget;
			buildConfigurationList = 98265C4521693FCD0093526E /* Build configuration list for PBXNativeTarget "BlackjackCounterUITests" */;
			buildPhases = (
				98265C3221693FCD0093526E /* Sources */,
				98265C3321693FCD0093526E /* Frameworks */,
				98265C3421693FCD0093526E /* Resources */,
			);
			buildRules = (
			);
			dependencies = (
				98265C3821693FCD0093526E /* PBXTargetDependency */,
			);
			name = BlackjackCounterUITests;
			productName = BlackjackCounterUITests;
			productReference = 98265C3621693FCD0093526E /* BlackjackCounterUITests.xctest */;
			productType = "com.apple.product-type.bundle.ui-testing";
		};
/* End PBXNativeTarget section */

/* Begin PBXProject section */
		98265C0F21693FA90093526E /* Project object */ = {
			isa = PBXProject;
			attributes = {
				LastSwiftUpdateCheck = 0940;
				LastUpgradeCheck = 0940;
				ORGANIZATIONNAME = TeamSebAlex;
				TargetAttributes = {
					98265C1621693FAA0093526E = {
						CreatedOnToolsVersion = 9.4.1;
					};
					98265C2A21693FCD0093526E = {
						CreatedOnToolsVersion = 9.4.1;
						TestTargetID = 98265C1621693FAA0093526E;
					};
					98265C3521693FCD0093526E = {
						CreatedOnToolsVersion = 9.4.1;
						TestTargetID = 98265C1621693FAA0093526E;
					};
				};
			};
			buildConfigurationList = 98265C1221693FA90093526E /* Build configuration list for PBXProject "BlackjackCounter" */;
			compatibilityVersion = "Xcode 9.3";
			developmentRegion = en;
			hasScannedForEncodings = 0;
			knownRegions = (
				en,
				Base,
			);
			mainGroup = 98265C0E21693FA90093526E;
			productRefGroup = 98265C1821693FAA0093526E /* Products */;
			projectDirPath = "";
			projectRoot = "";
			targets = (
				98265C1621693FAA0093526E /* BlackjackCounter */,
				98265C2A21693FCD0093526E /* BlackjackCounterTests */,
				98265C3521693FCD0093526E /* BlackjackCounterUITests */,
			);
		};
/* End PBXProject section */

/* Begin PBXResourcesBuildPhase section */
		98265C1521693FAA0093526E /* Resources */ = {
			isa = PBXResourcesBuildPhase;
			buildActionMask = 2147483647;
			files = (
				98265C2521693FCC0093526E /* LaunchScreen.storyboard in Resources */,
				98265C2221693FCC0093526E /* Assets.xcassets in Resources */,
				98265C2021693FAA0093526E /* Main.storyboard in Resources */,
			);
			runOnlyForDeploymentPostprocessing = 0;
		};
		98265C2921693FCD0093526E /* Resources */ = {
			isa = PBXResourcesBuildPhase;
			buildActionMask = 2147483647;
			files = (
			);
			runOnlyForDeploymentPostprocessing = 0;
		};
		98265C3421693FCD0093526E /* Resources */ = {
			isa = PBXResourcesBuildPhase;
			buildActionMask = 2147483647;
			files = (
			);
			runOnlyForDeploymentPostprocessing = 0;
		};
/* End PBXResourcesBuildPhase section */

/* Begin PBXSourcesBuildPhase section */
		98265C1321693FAA0093526E /* Sources */ = {
			isa = PBXSourcesBuildPhase;
			buildActionMask = 2147483647;
			files = (
				98265C1D21693FAA0093526E /* ViewController.swift in Sources */,
				98265C4A2169468A0093526E /* infoCell.swift in Sources */,
				98265C1B21693FAA0093526E /* AppDelegate.swift in Sources */,
				98265C4C216C9E310093526E /* HomeViewController.swift in Sources */,
			);
			runOnlyForDeploymentPostprocessing = 0;
		};
		98265C2721693FCD0093526E /* Sources */ = {
			isa = PBXSourcesBuildPhase;
			buildActionMask = 2147483647;
			files = (
				98265C3021693FCD0093526E /* BlackjackCounterTests.swift in Sources */,
			);
			runOnlyForDeploymentPostprocessing = 0;
		};
		98265C3221693FCD0093526E /* Sources */ = {
			isa = PBXSourcesBuildPhase;
			buildActionMask = 2147483647;
			files = (
				98265C3B21693FCD0093526E /* BlackjackCounterUITests.swift in Sources */,
			);
			runOnlyForDeploymentPostprocessing = 0;
		};
/* End PBXSourcesBuildPhase section */

/* Begin PBXTargetDependency section */
		98265C2D21693FCD0093526E /* PBXTargetDependency */ = {
			isa = PBXTargetDependency;
			target = 98265C1621693FAA0093526E /* BlackjackCounter */;
			targetProxy = 98265C2C21693FCD0093526E /* PBXContainerItemProxy */;
		};
		98265C3821693FCD0093526E /* PBXTargetDependency */ = {
			isa = PBXTargetDependency;
			target = 98265C1621693FAA0093526E /* BlackjackCounter */;
			targetProxy = 98265C3721693FCD0093526E /* PBXContainerItemProxy */;
		};
/* End PBXTargetDependency section */

/* Begin PBXVariantGroup section */
		98265C1E21693FAA0093526E /* Main.storyboard */ = {
			isa = PBXVariantGroup;
			children = (
				98265C1F21693FAA0093526E /* Base */,
			);
			name = Main.storyboard;
			sourceTree = "<group>";
		};
		98265C2321693FCC0093526E /* LaunchScreen.storyboard */ = {
			isa = PBXVariantGroup;
			children = (
				98265C2421693FCC0093526E /* Base */,
			);
			name = LaunchScreen.storyboard;
			sourceTree = "<group>";
		};
/* End PBXVariantGroup section */

/* Begin XCBuildConfiguration section */
		98265C3D21693FCD0093526E /* Debug */ = {
			isa = XCBuildConfiguration;
			buildSettings = {
				ALWAYS_SEARCH_USER_PATHS = NO;
				CLANG_ANALYZER_NONNULL = YES;
				CLANG_ANALYZER_NUMBER_OBJECT_CONVERSION = YES_AGGRESSIVE;
				CLANG_CXX_LANGUAGE_STANDARD = "gnu++14";
				CLANG_CXX_LIBRARY = "libc++";
				CLANG_ENABLE_MODULES = YES;
				CLANG_ENABLE_OBJC_ARC = YES;
				CLANG_ENABLE_OBJC_WEAK = YES;
				CLANG_WARN_BLOCK_CAPTURE_AUTORELEASING = YES;
				CLANG_WARN_BOOL_CONVERSION = YES;
				CLANG_WARN_COMMA = YES;
				CLANG_WARN_CONSTANT_CONVERSION = YES;
				CLANG_WARN_DEPRECATED_OBJC_IMPLEMENTATIONS = YES;
				CLANG_WARN_DIRECT_OBJC_ISA_USAGE = YES_ERROR;
				CLANG_WARN_DOCUMENTATION_COMMENTS = YES;
				CLANG_WARN_EMPTY_BODY = YES;
				CLANG_WARN_ENUM_CONVERSION = YES;
				CLANG_WARN_INFINITE_RECURSION = YES;
				CLANG_WARN_INT_CONVERSION = YES;
				CLANG_WARN_NON_LITERAL_NULL_CONVERSION = YES;
				CLANG_WARN_OBJC_IMPLICIT_RETAIN_SELF = YES;
				CLANG_WARN_OBJC_LITERAL_CONVERSION = YES;
				CLANG_WARN_OBJC_ROOT_CLASS = YES_ERROR;
				CLANG_WARN_RANGE_LOOP_ANALYSIS = YES;
				CLANG_WARN_STRICT_PROTOTYPES = YES;
				CLANG_WARN_SUSPICIOUS_MOVE = YES;
				CLANG_WARN_UNGUARDED_AVAILABILITY = YES_AGGRESSIVE;
				CLANG_WARN_UNREACHABLE_CODE = YES;
				CLANG_WARN__DUPLICATE_METHOD_MATCH = YES;
				CODE_SIGN_IDENTITY = "iPhone Developer";
				COPY_PHASE_STRIP = NO;
				DEBUG_INFORMATION_FORMAT = dwarf;
				ENABLE_STRICT_OBJC_MSGSEND = YES;
				ENABLE_TESTABILITY = YES;
				GCC_C_LANGUAGE_STANDARD = gnu11;
				GCC_DYNAMIC_NO_PIC = NO;
				GCC_NO_COMMON_BLOCKS = YES;
				GCC_OPTIMIZATION_LEVEL = 0;
				GCC_PREPROCESSOR_DEFINITIONS = (
					"DEBUG=1",
					"$(inherited)",
				);
				GCC_WARN_64_TO_32_BIT_CONVERSION = YES;
				GCC_WARN_ABOUT_RETURN_TYPE = YES_ERROR;
				GCC_WARN_UNDECLARED_SELECTOR = YES;
				GCC_WARN_UNINITIALIZED_AUTOS = YES_AGGRESSIVE;
				GCC_WARN_UNUSED_FUNCTION = YES;
				GCC_WARN_UNUSED_VARIABLE = YES;
				IPHONEOS_DEPLOYMENT_TARGET = 11.4;
				MTL_ENABLE_DEBUG_INFO = YES;
				ONLY_ACTIVE_ARCH = YES;
				SDKROOT = iphoneos;
				SWIFT_ACTIVE_COMPILATION_CONDITIONS = DEBUG;
				SWIFT_OPTIMIZATION_LEVEL = "-Onone";
			};
			name = Debug;
		};
		98265C3E21693FCD0093526E /* Release */ = {
			isa = XCBuildConfiguration;
			buildSettings = {
				ALWAYS_SEARCH_USER_PATHS = NO;
				CLANG_ANALYZER_NONNULL = YES;
				CLANG_ANALYZER_NUMBER_OBJECT_CONVERSION = YES_AGGRESSIVE;
				CLANG_CXX_LANGUAGE_STANDARD = "gnu++14";
				CLANG_CXX_LIBRARY = "libc++";
				CLANG_ENABLE_MODULES = YES;
				CLANG_ENABLE_OBJC_ARC = YES;
				CLANG_ENABLE_OBJC_WEAK = YES;
				CLANG_WARN_BLOCK_CAPTURE_AUTORELEASING = YES;
				CLANG_WARN_BOOL_CONVERSION = YES;
				CLANG_WARN_COMMA = YES;
				CLANG_WARN_CONSTANT_CONVERSION = YES;
				CLANG_WARN_DEPRECATED_OBJC_IMPLEMENTATIONS = YES;
				CLANG_WARN_DIRECT_OBJC_ISA_USAGE = YES_ERROR;
				CLANG_WARN_DOCUMENTATION_COMMENTS = YES;
				CLANG_WARN_EMPTY_BODY = YES;
				CLANG_WARN_ENUM_CONVERSION = YES;
				CLANG_WARN_INFINITE_RECURSION = YES;
				CLANG_WARN_INT_CONVERSION = YES;
				CLANG_WARN_NON_LITERAL_NULL_CONVERSION = YES;
				CLANG_WARN_OBJC_IMPLICIT_RETAIN_SELF = YES;
				CLANG_WARN_OBJC_LITERAL_CONVERSION = YES;
				CLANG_WARN_OBJC_ROOT_CLASS = YES_ERROR;
				CLANG_WARN_RANGE_LOOP_ANALYSIS = YES;
				CLANG_WARN_STRICT_PROTOTYPES = YES;
				CLANG_WARN_SUSPICIOUS_MOVE = YES;
				CLANG_WARN_UNGUARDED_AVAILABILITY = YES_AGGRESSIVE;
				CLANG_WARN_UNREACHABLE_CODE = YES;
				CLANG_WARN__DUPLICATE_METHOD_MATCH = YES;
				CODE_SIGN_IDENTITY = "iPhone Developer";
				COPY_PHASE_STRIP = NO;
				DEBUG_INFORMATION_FORMAT = "dwarf-with-dsym";
				ENABLE_NS_ASSERTIONS = NO;
				ENABLE_STRICT_OBJC_MSGSEND = YES;
				GCC_C_LANGUAGE_STANDARD = gnu11;
				GCC_NO_COMMON_BLOCKS = YES;
				GCC_WARN_64_TO_32_BIT_CONVERSION = YES;
				GCC_WARN_ABOUT_RETURN_TYPE = YES_ERROR;
				GCC_WARN_UNDECLARED_SELECTOR = YES;
				GCC_WARN_UNINITIALIZED_AUTOS = YES_AGGRESSIVE;
				GCC_WARN_UNUSED_FUNCTION = YES;
				GCC_WARN_UNUSED_VARIABLE = YES;
				IPHONEOS_DEPLOYMENT_TARGET = 11.4;
				MTL_ENABLE_DEBUG_INFO = NO;
				SDKROOT = iphoneos;
				SWIFT_COMPILATION_MODE = wholemodule;
				SWIFT_OPTIMIZATION_LEVEL = "-O";
				VALIDATE_PRODUCT = YES;
			};
			name = Release;
		};
		98265C4021693FCD0093526E /* Debug */ = {
			isa = XCBuildConfiguration;
			buildSettings = {
				ASSETCATALOG_COMPILER_APPICON_NAME = AppIcon;
				CODE_SIGN_STYLE = Automatic;
				DEVELOPMENT_TEAM = 6F5M46EELS;
				INFOPLIST_FILE = BlackjackCounter/Info.plist;
				LD_RUNPATH_SEARCH_PATHS = (
					"$(inherited)",
					"@executable_path/Frameworks",
				);
				PRODUCT_BUNDLE_IDENTIFIER = SEAL.BlackjackCounter;
				PRODUCT_NAME = "$(TARGET_NAME)";
				SWIFT_VERSION = 4.0;
				TARGETED_DEVICE_FAMILY = 1;
			};
			name = Debug;
		};
		98265C4121693FCD0093526E /* Release */ = {
			isa = XCBuildConfiguration;
			buildSettings = {
				ASSETCATALOG_COMPILER_APPICON_NAME = AppIcon;
				CODE_SIGN_STYLE = Automatic;
				DEVELOPMENT_TEAM = 6F5M46EELS;
				INFOPLIST_FILE = BlackjackCounter/Info.plist;
				LD_RUNPATH_SEARCH_PATHS = (
					"$(inherited)",
					"@executable_path/Frameworks",
				);
				PRODUCT_BUNDLE_IDENTIFIER = SEAL.BlackjackCounter;
				PRODUCT_NAME = "$(TARGET_NAME)";
				SWIFT_VERSION = 4.0;
				TARGETED_DEVICE_FAMILY = 1;
			};
			name = Release;
		};
		98265C4321693FCD0093526E /* Debug */ = {
			isa = XCBuildConfiguration;
			buildSettings = {
				ALWAYS_EMBED_SWIFT_STANDARD_LIBRARIES = YES;
				BUNDLE_LOADER = "$(TEST_HOST)";
				CODE_SIGN_STYLE = Automatic;
				INFOPLIST_FILE = BlackjackCounterTests/Info.plist;
				LD_RUNPATH_SEARCH_PATHS = (
					"$(inherited)",
					"@executable_path/Frameworks",
					"@loader_path/Frameworks",
				);
				PRODUCT_BUNDLE_IDENTIFIER = SEAL.BlackjackCounterTests;
				PRODUCT_NAME = "$(TARGET_NAME)";
				SWIFT_VERSION = 4.0;
				TARGETED_DEVICE_FAMILY = "1,2";
				TEST_HOST = "$(BUILT_PRODUCTS_DIR)/BlackjackCounter.app/BlackjackCounter";
			};
			name = Debug;
		};
		98265C4421693FCD0093526E /* Release */ = {
			isa = XCBuildConfiguration;
			buildSettings = {
				ALWAYS_EMBED_SWIFT_STANDARD_LIBRARIES = YES;
				BUNDLE_LOADER = "$(TEST_HOST)";
				CODE_SIGN_STYLE = Automatic;
				INFOPLIST_FILE = BlackjackCounterTests/Info.plist;
				LD_RUNPATH_SEARCH_PATHS = (
					"$(inherited)",
					"@executable_path/Frameworks",
					"@loader_path/Frameworks",
				);
				PRODUCT_BUNDLE_IDENTIFIER = SEAL.BlackjackCounterTests;
				PRODUCT_NAME = "$(TARGET_NAME)";
				SWIFT_VERSION = 4.0;
				TARGETED_DEVICE_FAMILY = "1,2";
				TEST_HOST = "$(BUILT_PRODUCTS_DIR)/BlackjackCounter.app/BlackjackCounter";
			};
			name = Release;
		};
		98265C4621693FCD0093526E /* Debug */ = {
			isa = XCBuildConfiguration;
			buildSettings = {
				ALWAYS_EMBED_SWIFT_STANDARD_LIBRARIES = YES;
				CODE_SIGN_STYLE = Automatic;
				INFOPLIST_FILE = BlackjackCounterUITests/Info.plist;
				LD_RUNPATH_SEARCH_PATHS = (
					"$(inherited)",
					"@executable_path/Frameworks",
					"@loader_path/Frameworks",
				);
				PRODUCT_BUNDLE_IDENTIFIER = SEAL.BlackjackCounterUITests;
				PRODUCT_NAME = "$(TARGET_NAME)";
				SWIFT_VERSION = 4.0;
				TARGETED_DEVICE_FAMILY = "1,2";
				TEST_TARGET_NAME = BlackjackCounter;
			};
			name = Debug;
		};
		98265C4721693FCD0093526E /* Release */ = {
			isa = XCBuildConfiguration;
			buildSettings = {
				ALWAYS_EMBED_SWIFT_STANDARD_LIBRARIES = YES;
				CODE_SIGN_STYLE = Automatic;
				INFOPLIST_FILE = BlackjackCounterUITests/Info.plist;
				LD_RUNPATH_SEARCH_PATHS = (
					"$(inherited)",
					"@executable_path/Frameworks",
					"@loader_path/Frameworks",
				);
				PRODUCT_BUNDLE_IDENTIFIER = SEAL.BlackjackCounterUITests;
				PRODUCT_NAME = "$(TARGET_NAME)";
				SWIFT_VERSION = 4.0;
				TARGETED_DEVICE_FAMILY = "1,2";
				TEST_TARGET_NAME = BlackjackCounter;
			};
			name = Release;
		};
/* End XCBuildConfiguration section */

/* Begin XCConfigurationList section */
		98265C1221693FA90093526E /* Build configuration list for PBXProject "BlackjackCounter" */ = {
			isa = XCConfigurationList;
			buildConfigurations = (
				98265C3D21693FCD0093526E /* Debug */,
				98265C3E21693FCD0093526E /* Release */,
			);
			defaultConfigurationIsVisible = 0;
			defaultConfigurationName = Release;
		};
		98265C3F21693FCD0093526E /* Build configuration list for PBXNativeTarget "BlackjackCounter" */ = {
			isa = XCConfigurationList;
			buildConfigurations = (
				98265C4021693FCD0093526E /* Debug */,
				98265C4121693FCD0093526E /* Release */,
			);
			defaultConfigurationIsVisible = 0;
			defaultConfigurationName = Release;
		};
		98265C4221693FCD0093526E /* Build configuration list for PBXNativeTarget "BlackjackCounterTests" */ = {
			isa = XCConfigurationList;
			buildConfigurations = (
				98265C4321693FCD0093526E /* Debug */,
				98265C4421693FCD0093526E /* Release */,
			);
			defaultConfigurationIsVisible = 0;
			defaultConfigurationName = Release;
		};
		98265C4521693FCD0093526E /* Build configuration list for PBXNativeTarget "BlackjackCounterUITests" */ = {
			isa = XCConfigurationList;
			buildConfigurations = (
				98265C4621693FCD0093526E /* Debug */,
				98265C4721693FCD0093526E /* Release */,
			);
			defaultConfigurationIsVisible = 0;
			defaultConfigurationName = Release;
		};
/* End XCConfigurationList section */
	};
	rootObject = 98265C0F21693FA90093526E /* Project object */;
}
